# This file is automatically @generated by Cargo.
# It is not intended for manual editing.
[[package]]
name = "day01-part1"
version = "0.1.0"

[[package]]
name = "day01-part2"
version = "0.1.0"

[[package]]
name = "day02-part1"
version = "0.1.0"

[[package]]
name = "day03"
version = "0.1.0"

[[package]]
name = "part2"
version = "0.1.0"
